{
  "requires": true,
  "lockfileVersion": 1,
  "dependencies": {
    "@angular/animations": {
      "version": "10.0.4",
      "resolved": "https://registry.npmjs.org/@angular/animations/-/animations-10.0.4.tgz",
      "integrity": "sha512-UzQiWhDHY6wixS1Nh+Jwpzq1weiLGXJPt3Pa4pETpt3Hg7MIUu62dik6OFWuGYQPbn9DJYH+CH+sRxN1GCVjww==",
      "requires": {
        "tslib": "^2.0.0"
      }
    },
    "@angular/cdk": {
      "version": "2.0.0-beta.12",
      "resolved": "https://registry.npmjs.org/@angular/cdk/-/cdk-2.0.0-beta.12.tgz",
      "integrity": "sha1-OiQ8tiuT9OA5EgunD5ANyeI1Yi4=",
      "requires": {
        "tslib": "^1.7.1"
      },
      "dependencies": {
        "tslib": {
          "version": "1.13.0",
          "resolved": "https://registry.npmjs.org/tslib/-/tslib-1.13.0.tgz",
          "integrity": "sha512-i/6DQjL8Xf3be4K/E6Wgpekn5Qasl1usyw++dAA35Ue5orEn65VIxOA+YvNNl9HV3qv70T7CNwjODHZrLwvd1Q=="
        }
      }
    },
    "@angular/common": {
      "version": "10.0.5",
      "resolved": "https://registry.npmjs.org/@angular/common/-/common-10.0.5.tgz",
      "integrity": "sha512-AKmD/X13q3zzo5uTV/M4dWpAqJ136187rL4VweRc6b5t/oZ3VGcejjElZebgtoyGTye8luIP6fZ/LMb580lBlQ==",
      "requires": {
        "tslib": "^2.0.0"
      }
    },
    "@angular/core": {
      "version": "10.0.5",
      "resolved": "https://registry.npmjs.org/@angular/core/-/core-10.0.5.tgz",
      "integrity": "sha512-zoIxIi/UaRImeC1uD+eIKrdcihvQR/zfbqKgK67IPy/tghijxge1Tbl8FWIAT0ncAj0XH/JHsWnVdUV/TUI+CA==",
      "requires": {
        "tslib": "^2.0.0"
      }
    },
    "@angular/flex-layout": {
      "version": "10.0.0-beta.32",
      "resolved": "https://registry.npmjs.org/@angular/flex-layout/-/flex-layout-10.0.0-beta.32.tgz",
      "integrity": "sha512-JvuY4dUoy5jyCTIrFiq7n30Znakh1pD3nbg0h0hs2r3t1OiDQb0ZSI1wcumosG/vYHsuJQTuNhbfaIZzA1x8nA==",
      "requires": {
        "tslib": "^2.0.0"
      }
    },
    "@angular/material": {
      "version": "2.0.0-beta.12",
      "resolved": "https://registry.npmjs.org/@angular/material/-/material-2.0.0-beta.12.tgz",
      "integrity": "sha1-cbbQt7AhiR5dDjaIwdS9eMdFf1g=",
      "requires": {
        "tslib": "^1.7.1"
      },
      "dependencies": {
        "tslib": {
          "version": "1.13.0",
          "resolved": "https://registry.npmjs.org/tslib/-/tslib-1.13.0.tgz",
          "integrity": "sha512-i/6DQjL8Xf3be4K/E6Wgpekn5Qasl1usyw++dAA35Ue5orEn65VIxOA+YvNNl9HV3qv70T7CNwjODHZrLwvd1Q=="
        }
      }
    },
    "hammerjs": {
      "version": "2.0.8",
      "resolved": "https://registry.npmjs.org/hammerjs/-/hammerjs-2.0.8.tgz",
      "integrity": "sha1-BO93hiz/K7edMPdpIJWTAiK/YPE="
    },
    "parse5": {
      "version": "5.1.1",
      "resolved": "https://registry.npmjs.org/parse5/-/parse5-5.1.1.tgz",
      "integrity": "sha512-ugq4DFI0Ptb+WWjAdOK16+u/nHfiIrcE+sh8kZMaM0WllQKLI9rOUq6c2b7cwPkXdzfQESqvoqK6ug7U/Yyzug=="
    },
    "tslib": {
      "version": "2.0.0",
      "resolved": "https://registry.npmjs.org/tslib/-/tslib-2.0.0.tgz",
      "integrity": "sha512-lTqkx847PI7xEDYJntxZH89L2/aXInsyF2luSafe/+0fHOMjlBNXdH6th7f70qxLDhul7KZK0zC8V5ZIyHl0/g=="
    }
  }
}
